
Microsoft Visual Studio Solution File, Format Version 12.00
# Visual Studio Version 17
VisualStudioVersion = 17.9.34728.123
MinimumVisualStudioVersion = 10.0.40219.1
Project("{9A19103F-16F7-4668-BE54-9A1E7A4F7556}") = "SKILLMATRIX", "SKILLMATRIX\SKILLMATRIX.csproj", "{5271B27C-175E-4472-8923-D7F46CA42E19}"
EndProject
Project("{9A19103F-16F7-4668-BE54-9A1E7A4F7556}") = "db_Oracle", "db_Oracle\db_Oracle.csproj", "{D9D8FCF1-F3F3-416B-92FC-01E7AE442994}"
EndProject
Project("{FAE04EC0-301F-11D3-BF4B-00C04F79EFBC}") = "SKILLMATRIX.Repo", "SKILLMATRIX.Repo\SKILLMATRIX.Repo.csproj", "{E344EBF7-3C35-4C20-9D80-6930DC538F78}"
EndProject
Project("{FAE04EC0-301F-11D3-BF4B-00C04F79EFBC}") = "SKILLMATRIX.Entity", "SKILLMATRIX.Entity\SKILLMATRIX.Entity.csproj", "{FBF3C47F-9805-485D-A939-96438253E61F}"
EndProject
Global
	GlobalSection(SolutionConfigurationPlatforms) = preSolution
		Debug|Any CPU = Debug|Any CPU
		Release|Any CPU = Release|Any CPU
	EndGlobalSection
	GlobalSection(ProjectConfigurationPlatforms) = postSolution
		{5271B27C-175E-4472-8923-D7F46CA42E19}.Debug|Any CPU.ActiveCfg = Debug|Any CPU
		{5271B27C-175E-4472-8923-D7F46CA42E19}.Debug|Any CPU.Build.0 = Debug|Any CPU
		{5271B27C-175E-4472-8923-D7F46CA42E19}.Release|Any CPU.ActiveCfg = Release|Any CPU
		{5271B27C-175E-4472-8923-D7F46CA42E19}.Release|Any CPU.Build.0 = Release|Any CPU
		{D9D8FCF1-F3F3-416B-92FC-01E7AE442994}.Debug|Any CPU.ActiveCfg = Debug|Any CPU
		{D9D8FCF1-F3F3-416B-92FC-01E7AE442994}.Debug|Any CPU.Build.0 = Debug|Any CPU
		{D9D8FCF1-F3F3-416B-92FC-01E7AE442994}.Release|Any CPU.ActiveCfg = Release|Any CPU
		{D9D8FCF1-F3F3-416B-92FC-01E7AE442994}.Release|Any CPU.Build.0 = Release|Any CPU
		{E344EBF7-3C35-4C20-9D80-6930DC538F78}.Debug|Any CPU.ActiveCfg = Debug|Any CPU
		{E344EBF7-3C35-4C20-9D80-6930DC538F78}.Debug|Any CPU.Build.0 = Debug|Any CPU
		{E344EBF7-3C35-4C20-9D80-6930DC538F78}.Release|Any CPU.ActiveCfg = Release|Any CPU
		{E344EBF7-3C35-4C20-9D80-6930DC538F78}.Release|Any CPU.Build.0 = Release|Any CPU
		{FBF3C47F-9805-485D-A939-96438253E61F}.Debug|Any CPU.ActiveCfg = Debug|Any CPU
		{FBF3C47F-9805-485D-A939-96438253E61F}.Debug|Any CPU.Build.0 = Debug|Any CPU
		{FBF3C47F-9805-485D-A939-96438253E61F}.Release|Any CPU.ActiveCfg = Release|Any CPU
		{FBF3C47F-9805-485D-A939-96438253E61F}.Release|Any CPU.Build.0 = Release|Any CPU
	EndGlobalSection
	GlobalSection(SolutionProperties) = preSolution
		HideSolutionNode = FALSE
	EndGlobalSection
	GlobalSection(ExtensibilityGlobals) = postSolution
		SolutionGuid = {79869350-5EA1-4787-BB74-09F298AB7801}
	EndGlobalSection
EndGlobal
